{
  "name": "elf-base-template",
  "version": "1.0.0",
  "lockfileVersion": 1,
  "requires": true,
  "dependencies": {
    "preloader.js": {
      "version": "1.0.0",
      "resolved": "https://registry.npmjs.org/preloader.js/-/preloader.js-1.0.0.tgz",
      "integrity": "sha1-4c07zY7hGUkCqR9kvf32SQ5NkFk="
    },
    "zepto": {
      "version": "1.2.0",
      "resolved": "https://registry.npmjs.org/zepto/-/zepto-1.2.0.tgz",
      "integrity": "sha1-4Se9nmb9hGvl6rSME5SIL3wOT5g="
    }
  }
}
